%{"combine": {:hex, :combine, "0.5.3"},
  "dogma": {:git, "https://github.com/lpil/dogma.git", "bd8afbf5515f041f81c0e9a3e438f9c952479c5b", []},
  "hackney": {:hex, :hackney, "1.3.2"},
  "httpoison": {:hex, :httpoison, "0.7.4"},
  "idna": {:hex, :idna, "1.0.2"},
  "json_web_token": {:hex, :json_web_token, "0.2.2"},
  "poison": {:hex, :poison, "1.5.0"},
  "ssl_verify_hostname": {:hex, :ssl_verify_hostname, "1.0.5"},
  "timex": {:hex, :timex, "1.0.0-rc1"},
  "tzdata": {:hex, :tzdata, "0.5.4"}}
